
Microsoft Visual Studio Solution File, Format Version 12.00
# Visual Studio Version 17
VisualStudioVersion = 17.13.35919.96
MinimumVisualStudioVersion = 10.0.40219.1
Project("{FAE04EC0-301F-11D3-BF4B-00C04F79EFBC}") = "PetShop2_0", "PetShop2_0.csproj", "{5BF706E2-D8D3-4497-9256-C9D8ADD48837}"
EndProject
Project("{FAE04EC0-301F-11D3-BF4B-00C04F79EFBC}") = "PetShop2_0.Tests", "..\PetShop2_0.Tests\PetShop2_0.Tests.csproj", "{4E63D29E-AAED-96A1-DE37-D1933528F3ED}"
EndProject
Global
	GlobalSection(SolutionConfigurationPlatforms) = preSolution
		Debug|Any CPU = Debug|Any CPU
		Release|Any CPU = Release|Any CPU
	EndGlobalSection
	GlobalSection(ProjectConfigurationPlatforms) = postSolution
		{5BF706E2-D8D3-4497-9256-C9D8ADD48837}.Debug|Any CPU.ActiveCfg = Debug|Any CPU
		{5BF706E2-D8D3-4497-9256-C9D8ADD48837}.Debug|Any CPU.Build.0 = Debug|Any CPU
		{5BF706E2-D8D3-4497-9256-C9D8ADD48837}.Release|Any CPU.ActiveCfg = Release|Any CPU
		{5BF706E2-D8D3-4497-9256-C9D8ADD48837}.Release|Any CPU.Build.0 = Release|Any CPU
		{4E63D29E-AAED-96A1-DE37-D1933528F3ED}.Debug|Any CPU.ActiveCfg = Debug|Any CPU
		{4E63D29E-AAED-96A1-DE37-D1933528F3ED}.Debug|Any CPU.Build.0 = Debug|Any CPU
		{4E63D29E-AAED-96A1-DE37-D1933528F3ED}.Release|Any CPU.ActiveCfg = Release|Any CPU
		{4E63D29E-AAED-96A1-DE37-D1933528F3ED}.Release|Any CPU.Build.0 = Release|Any CPU
	EndGlobalSection
	GlobalSection(SolutionProperties) = preSolution
		HideSolutionNode = FALSE
	EndGlobalSection
	GlobalSection(ExtensibilityGlobals) = postSolution
		SolutionGuid = {B3480638-D09C-49A3-BC8E-84D4D47AF54F}
	EndGlobalSection
EndGlobal
